
Microsoft Visual Studio Solution File, Format Version 12.00
# Visual Studio Version 17
VisualStudioVersion = 17.0.31903.59
MinimumVisualStudioVersion = 10.0.40219.1
Project("{FAE04EC0-301F-11D3-BF4B-00C04F79EFBC}") = "NumberMinimizer", "NumberMinimizer\NumberMinimizer.csproj", "{602405F4-95FB-4371-91D5-6369835AFD75}"
EndProject
Project("{FAE04EC0-301F-11D3-BF4B-00C04F79EFBC}") = "NumberMinimizer.Tests", "NumberMinimizer.Tests\NumberMinimizer.Tests.csproj", "{56E1711F-E874-48E2-80ED-7A7D1705C323}"
EndProject
Global
	GlobalSection(SolutionConfigurationPlatforms) = preSolution
		Debug|Any CPU = Debug|Any CPU
		Release|Any CPU = Release|Any CPU
	EndGlobalSection
	GlobalSection(SolutionProperties) = preSolution
		HideSolutionNode = FALSE
	EndGlobalSection
	GlobalSection(ProjectConfigurationPlatforms) = postSolution
		{602405F4-95FB-4371-91D5-6369835AFD75}.Debug|Any CPU.ActiveCfg = Debug|Any CPU
		{602405F4-95FB-4371-91D5-6369835AFD75}.Debug|Any CPU.Build.0 = Debug|Any CPU
		{602405F4-95FB-4371-91D5-6369835AFD75}.Release|Any CPU.ActiveCfg = Release|Any CPU
		{602405F4-95FB-4371-91D5-6369835AFD75}.Release|Any CPU.Build.0 = Release|Any CPU
		{56E1711F-E874-48E2-80ED-7A7D1705C323}.Debug|Any CPU.ActiveCfg = Debug|Any CPU
		{56E1711F-E874-48E2-80ED-7A7D1705C323}.Debug|Any CPU.Build.0 = Debug|Any CPU
		{56E1711F-E874-48E2-80ED-7A7D1705C323}.Release|Any CPU.ActiveCfg = Release|Any CPU
		{56E1711F-E874-48E2-80ED-7A7D1705C323}.Release|Any CPU.Build.0 = Release|Any CPU
	EndGlobalSection
EndGlobal
